
Microsoft Visual Studio Solution File, Format Version 12.00
# Visual Studio Version 17
VisualStudioVersion = 17.4.33213.308
MinimumVisualStudioVersion = 10.0.40219.1
Project("{FAE04EC0-301F-11D3-BF4B-00C04F79EFBC}") = "Week14OOP", "Week14OOP\Week14OOP.csproj", "{AA5685DC-B32E-463B-8642-A41D23F90697}"
EndProject
Global
	GlobalSection(SolutionConfigurationPlatforms) = preSolution
		Debug|Any CPU = Debug|Any CPU
		Release|Any CPU = Release|Any CPU
	EndGlobalSection
	GlobalSection(ProjectConfigurationPlatforms) = postSolution
		{AA5685DC-B32E-463B-8642-A41D23F90697}.Debug|Any CPU.ActiveCfg = Debug|Any CPU
		{AA5685DC-B32E-463B-8642-A41D23F90697}.Debug|Any CPU.Build.0 = Debug|Any CPU
		{AA5685DC-B32E-463B-8642-A41D23F90697}.Release|Any CPU.ActiveCfg = Release|Any CPU
		{AA5685DC-B32E-463B-8642-A41D23F90697}.Release|Any CPU.Build.0 = Release|Any CPU
	EndGlobalSection
	GlobalSection(SolutionProperties) = preSolution
		HideSolutionNode = FALSE
	EndGlobalSection
	GlobalSection(ExtensibilityGlobals) = postSolution
		SolutionGuid = {BED14F49-94B3-476D-AB0B-1A3EF007D7AF}
	EndGlobalSection
EndGlobal
